// !$*UTF8*$!
{
	archiveVersion = 1;
	classes = {
	};
	objectVersion = 50;
	objects = {

/* Begin PBXBuildFile section */
		C4095E9D226BB46F007F98DC /* AppDelegate.swift in Sources */ = {isa = PBXBuildFile; fileRef = C4095E9C226BB46F007F98DC /* AppDelegate.swift */; };
		C4095EA2226BB46F007F98DC /* Main11.storyboard in Resources */ = {isa = PBXBuildFile; fileRef = C4095EA0226BB46F007F98DC /* Main11.storyboard */; };
		C4095EA7226BB471007F98DC /* Assets.xcassets in Resources */ = {isa = PBXBuildFile; fileRef = C4095EA6226BB471007F98DC /* Assets.xcassets */; };
		C4095EAA226BB471007F98DC /* LaunchScreen.storyboard in Resources */ = {isa = PBXBuildFile; fileRef = C4095EA8226BB471007F98DC /* LaunchScreen.storyboard */; };
		C4095EB5226BB471007F98DC /* QUESTTests.swift in Sources */ = {isa = PBXBuildFile; fileRef = C4095EB4226BB471007F98DC /* QUESTTests.swift */; };
		C4095EC0226BB472007F98DC /* QUESTUITests.swift in Sources */ = {isa = PBXBuildFile; fileRef = C4095EBF226BB472007F98DC /* QUESTUITests.swift */; };
		C4095ECE226BBC99007F98DC /* Rules.swift in Sources */ = {isa = PBXBuildFile; fileRef = C4095ECD226BBC99007F98DC /* Rules.swift */; };
		C4095ED0226BBCBB007F98DC /* Task1.swift in Sources */ = {isa = PBXBuildFile; fileRef = C4095ECF226BBCBB007F98DC /* Task1.swift */; };
		C4095ED2226BE2C3007F98DC /* QUEST.xcdatamodel in Sources */ = {isa = PBXBuildFile; fileRef = C4095ED1226BE2C3007F98DC /* QUEST.xcdatamodel */; };
		C4095ED8226C4C3A007F98DC /* Task2.swift in Sources */ = {isa = PBXBuildFile; fileRef = C4095ED7226C4C3A007F98DC /* Task2.swift */; };
		C4095EDA226C4C66007F98DC /* Task3.swift in Sources */ = {isa = PBXBuildFile; fileRef = C4095ED9226C4C66007F98DC /* Task3.swift */; };
		C4095EDC226C4C96007F98DC /* Task4.swift in Sources */ = {isa = PBXBuildFile; fileRef = C4095EDB226C4C96007F98DC /* Task4.swift */; };
		C4095EDE226C4CBF007F98DC /* Task5.swift in Sources */ = {isa = PBXBuildFile; fileRef = C4095EDD226C4CBF007F98DC /* Task5.swift */; };
		C4095EE0226C4CE5007F98DC /* Task6.swift in Sources */ = {isa = PBXBuildFile; fileRef = C4095EDF226C4CE5007F98DC /* Task6.swift */; };
		C4095EE2226C4D04007F98DC /* Task7.swift in Sources */ = {isa = PBXBuildFile; fileRef = C4095EE1226C4D04007F98DC /* Task7.swift */; };
		C4095EE4226C4D21007F98DC /* Task8.swift in Sources */ = {isa = PBXBuildFile; fileRef = C4095EE3226C4D21007F98DC /* Task8.swift */; };
		C4095EE6226C4D3D007F98DC /* Task9.swift in Sources */ = {isa = PBXBuildFile; fileRef = C4095EE5226C4D3D007F98DC /* Task9.swift */; };
		C409828E22734B4A00ECC08E /* questList.swift in Sources */ = {isa = PBXBuildFile; fileRef = C409828D22734B4A00ECC08E /* questList.swift */; };
		C465A3E5226FBDA50081C497 /* Main.storyboard in Resources */ = {isa = PBXBuildFile; fileRef = C465A3E4226FBDA50081C497 /* Main.storyboard */; };
		C465A3E9226FBE560081C497 /* View1.swift in Sources */ = {isa = PBXBuildFile; fileRef = C465A3E8226FBE560081C497 /* View1.swift */; };
		C465A3EB226FC0DF0081C497 /* CollectionViewCellImage.swift in Sources */ = {isa = PBXBuildFile; fileRef = C465A3EA226FC0DF0081C497 /* CollectionViewCellImage.swift */; };
		C465A3ED226FDA4B0081C497 /* StructFirstDis.swift in Sources */ = {isa = PBXBuildFile; fileRef = C465A3EC226FDA4B0081C497 /* StructFirstDis.swift */; };
		C465A3F3227060850081C497 /* Menu.swift in Sources */ = {isa = PBXBuildFile; fileRef = C465A3F2227060850081C497 /* Menu.swift */; };
		C465A3F5227069350081C497 /* Accounting.swift in Sources */ = {isa = PBXBuildFile; fileRef = C465A3F4227069350081C497 /* Accounting.swift */; };
		C465A3F722707DF60081C497 /* ClassTabBar.swift in Sources */ = {isa = PBXBuildFile; fileRef = C465A3F622707DF60081C497 /* ClassTabBar.swift */; };
		C4D2B90A2270B24A00DF8247 /* Cell.swift in Sources */ = {isa = PBXBuildFile; fileRef = C4D2B9092270B24A00DF8247 /* Cell.swift */; };
		C4EAE39F2273B37B00E796B2 /* ViewNewestQuests.swift in Sources */ = {isa = PBXBuildFile; fileRef = C4EAE39E2273B37B00E796B2 /* ViewNewestQuests.swift */; };
		C4EAE3A12273B3B900E796B2 /* PageView.swift in Sources */ = {isa = PBXBuildFile; fileRef = C4EAE3A02273B3B900E796B2 /* PageView.swift */; };
		C4EAE3A32274646700E796B2 /* CollectionMenu.swift in Sources */ = {isa = PBXBuildFile; fileRef = C4EAE3A22274646700E796B2 /* CollectionMenu.swift */; };
		E9A51B082288651C00D60DEF /* ClassesForQuests.storyboard in Resources */ = {isa = PBXBuildFile; fileRef = E9A51B072288651C00D60DEF /* ClassesForQuests.storyboard */; };
/* End PBXBuildFile section */

/* Begin PBXContainerItemProxy section */
		C4095EB1226BB471007F98DC /* PBXContainerItemProxy */ = {
			isa = PBXContainerItemProxy;
			containerPortal = C4095E91226BB46F007F98DC /* Project object */;
			proxyType = 1;
			remoteGlobalIDString = C4095E98226BB46F007F98DC;
			remoteInfo = QUEST;
		};
		C4095EBC226BB472007F98DC /* PBXContainerItemProxy */ = {
			isa = PBXContainerItemProxy;
			containerPortal = C4095E91226BB46F007F98DC /* Project object */;
			proxyType = 1;
			remoteGlobalIDString = C4095E98226BB46F007F98DC;
			remoteInfo = QUEST;
		};
/* End PBXContainerItemProxy section */

/* Begin PBXFileReference section */
		C4095E99226BB46F007F98DC /* QUEST.app */ = {isa = PBXFileReference; explicitFileType = wrapper.application; includeInIndex = 0; path = QUEST.app; sourceTree = BUILT_PRODUCTS_DIR; };
		C4095E9C226BB46F007F98DC /* AppDelegate.swift */ = {isa = PBXFileReference; lastKnownFileType = sourcecode.swift; path = AppDelegate.swift; sourceTree = "<group>"; };
		C4095EA1226BB46F007F98DC /* Base */ = {isa = PBXFileReference; lastKnownFileType = file.storyboard; name = Base; path = Base.lproj/Main11.storyboard; sourceTree = "<group>"; };
		C4095EA6226BB471007F98DC /* Assets.xcassets */ = {isa = PBXFileReference; lastKnownFileType = folder.assetcatalog; path = Assets.xcassets; sourceTree = "<group>"; };
		C4095EA9226BB471007F98DC /* Base */ = {isa = PBXFileReference; lastKnownFileType = file.storyboard; name = Base; path = Base.lproj/LaunchScreen.storyboard; sourceTree = "<group>"; };
		C4095EAB226BB471007F98DC /* Info.plist */ = {isa = PBXFileReference; lastKnownFileType = text.plist.xml; path = Info.plist; sourceTree = "<group>"; };
		C4095EB0226BB471007F98DC /* QUESTTests.xctest */ = {isa = PBXFileReference; explicitFileType = wrapper.cfbundle; includeInIndex = 0; path = QUESTTests.xctest; sourceTree = BUILT_PRODUCTS_DIR; };
		C4095EB4226BB471007F98DC /* QUESTTests.swift */ = {isa = PBXFileReference; lastKnownFileType = sourcecode.swift; path = QUESTTests.swift; sourceTree = "<group>"; };
		C4095EB6226BB472007F98DC /* Info.plist */ = {isa = PBXFileReference; lastKnownFileType = text.plist.xml; path = Info.plist; sourceTree = "<group>"; };
		C4095EBB226BB472007F98DC /* QUESTUITests.xctest */ = {isa = PBXFileReference; explicitFileType = wrapper.cfbundle; includeInIndex = 0; path = QUESTUITests.xctest; sourceTree = BUILT_PRODUCTS_DIR; };
		C4095EBF226BB472007F98DC /* QUESTUITests.swift */ = {isa = PBXFileReference; lastKnownFileType = sourcecode.swift; path = QUESTUITests.swift; sourceTree = "<group>"; };
		C4095EC1226BB472007F98DC /* Info.plist */ = {isa = PBXFileReference; lastKnownFileType = text.plist.xml; path = Info.plist; sourceTree = "<group>"; };
		C4095ECD226BBC99007F98DC /* Rules.swift */ = {isa = PBXFileReference; lastKnownFileType = sourcecode.swift; path = Rules.swift; sourceTree = "<group>"; };
		C4095ECF226BBCBB007F98DC /* Task1.swift */ = {isa = PBXFileReference; lastKnownFileType = sourcecode.swift; path = Task1.swift; sourceTree = "<group>"; };
		C4095ED1226BE2C3007F98DC /* QUEST.xcdatamodel */ = {isa = PBXFileReference; lastKnownFileType = wrapper.xcdatamodel; path = QUEST.xcdatamodel; sourceTree = "<group>"; };
		C4095ED7226C4C3A007F98DC /* Task2.swift */ = {isa = PBXFileReference; lastKnownFileType = sourcecode.swift; path = Task2.swift; sourceTree = "<group>"; };
		C4095ED9226C4C66007F98DC /* Task3.swift */ = {isa = PBXFileReference; lastKnownFileType = sourcecode.swift; path = Task3.swift; sourceTree = "<group>"; };
		C4095EDB226C4C96007F98DC /* Task4.swift */ = {isa = PBXFileReference; lastKnownFileType = sourcecode.swift; path = Task4.swift; sourceTree = "<group>"; };
		C4095EDD226C4CBF007F98DC /* Task5.swift */ = {isa = PBXFileReference; lastKnownFileType = sourcecode.swift; path = Task5.swift; sourceTree = "<group>"; };
		C4095EDF226C4CE5007F98DC /* Task6.swift */ = {isa = PBXFileReference; lastKnownFileType = sourcecode.swift; path = Task6.swift; sourceTree = "<group>"; };
		C4095EE1226C4D04007F98DC /* Task7.swift */ = {isa = PBXFileReference; lastKnownFileType = sourcecode.swift; path = Task7.swift; sourceTree = "<group>"; };
		C4095EE3226C4D21007F98DC /* Task8.swift */ = {isa = PBXFileReference; lastKnownFileType = sourcecode.swift; path = Task8.swift; sourceTree = "<group>"; };
		C4095EE5226C4D3D007F98DC /* Task9.swift */ = {isa = PBXFileReference; lastKnownFileType = sourcecode.swift; path = Task9.swift; sourceTree = "<group>"; };
		C409828D22734B4A00ECC08E /* questList.swift */ = {isa = PBXFileReference; lastKnownFileType = sourcecode.swift; path = questList.swift; sourceTree = "<group>"; };
		C465A3E4226FBDA50081C497 /* Main.storyboard */ = {isa = PBXFileReference; lastKnownFileType = file.storyboard; path = Main.storyboard; sourceTree = "<group>"; };
		C465A3E8226FBE560081C497 /* View1.swift */ = {isa = PBXFileReference; lastKnownFileType = sourcecode.swift; path = View1.swift; sourceTree = "<group>"; };
		C465A3EA226FC0DF0081C497 /* CollectionViewCellImage.swift */ = {isa = PBXFileReference; lastKnownFileType = sourcecode.swift; path = CollectionViewCellImage.swift; sourceTree = "<group>"; };
		C465A3EC226FDA4B0081C497 /* StructFirstDis.swift */ = {isa = PBXFileReference; lastKnownFileType = sourcecode.swift; path = StructFirstDis.swift; sourceTree = "<group>"; };
		C465A3F2227060850081C497 /* Menu.swift */ = {isa = PBXFileReference; lastKnownFileType = sourcecode.swift; path = Menu.swift; sourceTree = "<group>"; };
		C465A3F4227069350081C497 /* Accounting.swift */ = {isa = PBXFileReference; lastKnownFileType = sourcecode.swift; path = Accounting.swift; sourceTree = "<group>"; };
		C465A3F622707DF60081C497 /* ClassTabBar.swift */ = {isa = PBXFileReference; lastKnownFileType = sourcecode.swift; path = ClassTabBar.swift; sourceTree = "<group>"; };
		C4D2B9092270B24A00DF8247 /* Cell.swift */ = {isa = PBXFileReference; lastKnownFileType = sourcecode.swift; path = Cell.swift; sourceTree = "<group>"; };
		C4EAE39E2273B37B00E796B2 /* ViewNewestQuests.swift */ = {isa = PBXFileReference; lastKnownFileType = sourcecode.swift; path = ViewNewestQuests.swift; sourceTree = "<group>"; };
		C4EAE3A02273B3B900E796B2 /* PageView.swift */ = {isa = PBXFileReference; lastKnownFileType = sourcecode.swift; path = PageView.swift; sourceTree = "<group>"; };
		C4EAE3A22274646700E796B2 /* CollectionMenu.swift */ = {isa = PBXFileReference; lastKnownFileType = sourcecode.swift; path = CollectionMenu.swift; sourceTree = "<group>"; };
		E9A51B072288651C00D60DEF /* ClassesForQuests.storyboard */ = {isa = PBXFileReference; lastKnownFileType = file.storyboard; path = ClassesForQuests.storyboard; sourceTree = "<group>"; };
/* End PBXFileReference section */

/* Begin PBXFrameworksBuildPhase section */
		C4095E96226BB46F007F98DC /* Frameworks */ = {
			isa = PBXFrameworksBuildPhase;
			buildActionMask = 2147483647;
			files = (
			);
			runOnlyForDeploymentPostprocessing = 0;
		};
		C4095EAD226BB471007F98DC /* Frameworks */ = {
			isa = PBXFrameworksBuildPhase;
			buildActionMask = 2147483647;
			files = (
			);
			runOnlyForDeploymentPostprocessing = 0;
		};
		C4095EB8226BB472007F98DC /* Frameworks */ = {
			isa = PBXFrameworksBuildPhase;
			buildActionMask = 2147483647;
			files = (
			);
			runOnlyForDeploymentPostprocessing = 0;
		};
/* End PBXFrameworksBuildPhase section */

/* Begin PBXGroup section */
		C4095E90226BB46F007F98DC = {
			isa = PBXGroup;
			children = (
				C4095E9C226BB46F007F98DC /* AppDelegate.swift */,
				E9A51B092288652500D60DEF /* ClassesForQuest */,
				C465A3E4226FBDA50081C497 /* Main.storyboard */,
				C4D2B9092270B24A00DF8247 /* Cell.swift */,
				C465A3F622707DF60081C497 /* ClassTabBar.swift */,
				E9A51B0622885F8800D60DEF /* ViewControllers */,
				C465A3F4227069350081C497 /* Accounting.swift */,
				C465A3EA226FC0DF0081C497 /* CollectionViewCellImage.swift */,
				C409828D22734B4A00ECC08E /* questList.swift */,
				C465A3EC226FDA4B0081C497 /* StructFirstDis.swift */,
				C4095EA6226BB471007F98DC /* Assets.xcassets */,
				C4095EA8226BB471007F98DC /* LaunchScreen.storyboard */,
				C4095E9B226BB46F007F98DC /* QUEST */,
				C4095EB3226BB471007F98DC /* QUESTTests */,
				C4095EBE226BB472007F98DC /* QUESTUITests */,
				C4095E9A226BB46F007F98DC /* Products */,
			);
			sourceTree = "<group>";
		};
		C4095E9A226BB46F007F98DC /* Products */ = {
			isa = PBXGroup;
			children = (
				C4095E99226BB46F007F98DC /* QUEST.app */,
				C4095EB0226BB471007F98DC /* QUESTTests.xctest */,
				C4095EBB226BB472007F98DC /* QUESTUITests.xctest */,
			);
			name = Products;
			sourceTree = "<group>";
		};
		C4095E9B226BB46F007F98DC /* QUEST */ = {
			isa = PBXGroup;
			children = (
				C4095ECD226BBC99007F98DC /* Rules.swift */,
				C4095ECF226BBCBB007F98DC /* Task1.swift */,
				C4095ED7226C4C3A007F98DC /* Task2.swift */,
				C4095ED9226C4C66007F98DC /* Task3.swift */,
				C4095EDB226C4C96007F98DC /* Task4.swift */,
				C4095EDD226C4CBF007F98DC /* Task5.swift */,
				C4095EDF226C4CE5007F98DC /* Task6.swift */,
				C4095EE1226C4D04007F98DC /* Task7.swift */,
				C4095EE3226C4D21007F98DC /* Task8.swift */,
				C4095EE5226C4D3D007F98DC /* Task9.swift */,
				C4095EA0226BB46F007F98DC /* Main11.storyboard */,
				C4095EAB226BB471007F98DC /* Info.plist */,
				C4095ED1226BE2C3007F98DC /* QUEST.xcdatamodel */,
			);
			path = QUEST;
			sourceTree = "<group>";
		};
		C4095EB3226BB471007F98DC /* QUESTTests */ = {
			isa = PBXGroup;
			children = (
				C4095EB4226BB471007F98DC /* QUESTTests.swift */,
				C4095EB6226BB472007F98DC /* Info.plist */,
			);
			path = QUESTTests;
			sourceTree = "<group>";
		};
		C4095EBE226BB472007F98DC /* QUESTUITests */ = {
			isa = PBXGroup;
			children = (
				C4095EBF226BB472007F98DC /* QUESTUITests.swift */,
				C4095EC1226BB472007F98DC /* Info.plist */,
			);
			path = QUESTUITests;
			sourceTree = "<group>";
		};
		E9A51B0622885F8800D60DEF /* ViewControllers */ = {
			isa = PBXGroup;
			children = (
				C4EAE39E2273B37B00E796B2 /* ViewNewestQuests.swift */,
				C4EAE3A22274646700E796B2 /* CollectionMenu.swift */,
				C465A3F2227060850081C497 /* Menu.swift */,
				C4EAE3A02273B3B900E796B2 /* PageView.swift */,
				C465A3E8226FBE560081C497 /* View1.swift */,
			);
			path = ViewControllers;
			sourceTree = "<group>";
		};
		E9A51B092288652500D60DEF /* ClassesForQuest */ = {
			isa = PBXGroup;
			children = (
				E9A51B072288651C00D60DEF /* ClassesForQuests.storyboard */,
			);
			path = ClassesForQuest;
			sourceTree = "<group>";
		};
/* End PBXGroup section */

/* Begin PBXNativeTarget section */
		C4095E98226BB46F007F98DC /* QUEST */ = {
			isa = PBXNativeTarget;
			buildConfigurationList = C4095EC4226BB472007F98DC /* Build configuration list for PBXNativeTarget "QUEST" */;
			buildPhases = (
				C4095E95226BB46F007F98DC /* Sources */,
				C4095E96226BB46F007F98DC /* Frameworks */,
				C4095E97226BB46F007F98DC /* Resources */,
			);
			buildRules = (
			);
			dependencies = (
			);
			name = QUEST;
			productName = QUEST;
			productReference = C4095E99226BB46F007F98DC /* QUEST.app */;
			productType = "com.apple.product-type.application";
		};
		C4095EAF226BB471007F98DC /* QUESTTests */ = {
			isa = PBXNativeTarget;
			buildConfigurationList = C4095EC7226BB472007F98DC /* Build configuration list for PBXNativeTarget "QUESTTests" */;
			buildPhases = (
				C4095EAC226BB471007F98DC /* Sources */,
				C4095EAD226BB471007F98DC /* Frameworks */,
				C4095EAE226BB471007F98DC /* Resources */,
			);
			buildRules = (
			);
			dependencies = (
				C4095EB2226BB471007F98DC /* PBXTargetDependency */,
			);
			name = QUESTTests;
			productName = QUESTTests;
			productReference = C4095EB0226BB471007F98DC /* QUESTTests.xctest */;
			productType = "com.apple.product-type.bundle.unit-test";
		};
		C4095EBA226BB472007F98DC /* QUESTUITests */ = {
			isa = PBXNativeTarget;
			buildConfigurationList = C4095ECA226BB472007F98DC /* Build configuration list for PBXNativeTarget "QUESTUITests" */;
			buildPhases = (
				C4095EB7226BB472007F98DC /* Sources */,
				C4095EB8226BB472007F98DC /* Frameworks */,
				C4095EB9226BB472007F98DC /* Resources */,
			);
			buildRules = (
			);
			dependencies = (
				C4095EBD226BB472007F98DC /* PBXTargetDependency */,
			);
			name = QUESTUITests;
			productName = QUESTUITests;
			productReference = C4095EBB226BB472007F98DC /* QUESTUITests.xctest */;
			productType = "com.apple.product-type.bundle.ui-testing";
		};
/* End PBXNativeTarget section */

/* Begin PBXProject section */
		C4095E91226BB46F007F98DC /* Project object */ = {
			isa = PBXProject;
			attributes = {
				LastSwiftUpdateCheck = 1010;
				LastUpgradeCheck = 1010;
				ORGANIZATIONNAME = "Паша";
				TargetAttributes = {
					C4095E98226BB46F007F98DC = {
						CreatedOnToolsVersion = 10.1;
					};
					C4095EAF226BB471007F98DC = {
						CreatedOnToolsVersion = 10.1;
						TestTargetID = C4095E98226BB46F007F98DC;
					};
					C4095EBA226BB472007F98DC = {
						CreatedOnToolsVersion = 10.1;
						TestTargetID = C4095E98226BB46F007F98DC;
					};
				};
			};
			buildConfigurationList = C4095E94226BB46F007F98DC /* Build configuration list for PBXProject "QUEST" */;
			compatibilityVersion = "Xcode 9.3";
			developmentRegion = en;
			hasScannedForEncodings = 0;
			knownRegions = (
				en,
				Base,
			);
			mainGroup = C4095E90226BB46F007F98DC;
			productRefGroup = C4095E9A226BB46F007F98DC /* Products */;
			projectDirPath = "";
			projectRoot = "";
			targets = (
				C4095E98226BB46F007F98DC /* QUEST */,
				C4095EAF226BB471007F98DC /* QUESTTests */,
				C4095EBA226BB472007F98DC /* QUESTUITests */,
			);
		};
/* End PBXProject section */

/* Begin PBXResourcesBuildPhase section */
		C4095E97226BB46F007F98DC /* Resources */ = {
			isa = PBXResourcesBuildPhase;
			buildActionMask = 2147483647;
			files = (
				C4095EAA226BB471007F98DC /* LaunchScreen.storyboard in Resources */,
				C4095EA7226BB471007F98DC /* Assets.xcassets in Resources */,
				C4095EA2226BB46F007F98DC /* Main11.storyboard in Resources */,
				C465A3E5226FBDA50081C497 /* Main.storyboard in Resources */,
				E9A51B082288651C00D60DEF /* ClassesForQuests.storyboard in Resources */,
			);
			runOnlyForDeploymentPostprocessing = 0;
		};
		C4095EAE226BB471007F98DC /* Resources */ = {
			isa = PBXResourcesBuildPhase;
			buildActionMask = 2147483647;
			files = (
			);
			runOnlyForDeploymentPostprocessing = 0;
		};
		C4095EB9226BB472007F98DC /* Resources */ = {
			isa = PBXResourcesBuildPhase;
			buildActionMask = 2147483647;
			files = (
			);
			runOnlyForDeploymentPostprocessing = 0;
		};
/* End PBXResourcesBuildPhase section */

/* Begin PBXSourcesBuildPhase section */
		C4095E95226BB46F007F98DC /* Sources */ = {
			isa = PBXSourcesBuildPhase;
			buildActionMask = 2147483647;
			files = (
				C465A3F722707DF60081C497 /* ClassTabBar.swift in Sources */,
				C4EAE39F2273B37B00E796B2 /* ViewNewestQuests.swift in Sources */,
				C4095EE2226C4D04007F98DC /* Task7.swift in Sources */,
				C4095ED2226BE2C3007F98DC /* QUEST.xcdatamodel in Sources */,
				C4EAE3A32274646700E796B2 /* CollectionMenu.swift in Sources */,
				C4D2B90A2270B24A00DF8247 /* Cell.swift in Sources */,
				C4095ECE226BBC99007F98DC /* Rules.swift in Sources */,
				C409828E22734B4A00ECC08E /* questList.swift in Sources */,
				C4095ED8226C4C3A007F98DC /* Task2.swift in Sources */,
				C465A3F5227069350081C497 /* Accounting.swift in Sources */,
				C465A3E9226FBE560081C497 /* View1.swift in Sources */,
				C4095E9D226BB46F007F98DC /* AppDelegate.swift in Sources */,
				C465A3EB226FC0DF0081C497 /* CollectionViewCellImage.swift in Sources */,
				C4095EDC226C4C96007F98DC /* Task4.swift in Sources */,
				C4095EE6226C4D3D007F98DC /* Task9.swift in Sources */,
				C4095EDE226C4CBF007F98DC /* Task5.swift in Sources */,
				C465A3ED226FDA4B0081C497 /* StructFirstDis.swift in Sources */,
				C4095ED0226BBCBB007F98DC /* Task1.swift in Sources */,
				C465A3F3227060850081C497 /* Menu.swift in Sources */,
				C4095EE4226C4D21007F98DC /* Task8.swift in Sources */,
				C4EAE3A12273B3B900E796B2 /* PageView.swift in Sources */,
				C4095EDA226C4C66007F98DC /* Task3.swift in Sources */,
				C4095EE0226C4CE5007F98DC /* Task6.swift in Sources */,
			);
			runOnlyForDeploymentPostprocessing = 0;
		};
		C4095EAC226BB471007F98DC /* Sources */ = {
			isa = PBXSourcesBuildPhase;
			buildActionMask = 2147483647;
			files = (
				C4095EB5226BB471007F98DC /* QUESTTests.swift in Sources */,
			);
			runOnlyForDeploymentPostprocessing = 0;
		};
		C4095EB7226BB472007F98DC /* Sources */ = {
			isa = PBXSourcesBuildPhase;
			buildActionMask = 2147483647;
			files = (
				C4095EC0226BB472007F98DC /* QUESTUITests.swift in Sources */,
			);
			runOnlyForDeploymentPostprocessing = 0;
		};
/* End PBXSourcesBuildPhase section */

/* Begin PBXTargetDependency section */
		C4095EB2226BB471007F98DC /* PBXTargetDependency */ = {
			isa = PBXTargetDependency;
			target = C4095E98226BB46F007F98DC /* QUEST */;
			targetProxy = C4095EB1226BB471007F98DC /* PBXContainerItemProxy */;
		};
		C4095EBD226BB472007F98DC /* PBXTargetDependency */ = {
			isa = PBXTargetDependency;
			target = C4095E98226BB46F007F98DC /* QUEST */;
			targetProxy = C4095EBC226BB472007F98DC /* PBXContainerItemProxy */;
		};
/* End PBXTargetDependency section */

/* Begin PBXVariantGroup section */
		C4095EA0226BB46F007F98DC /* Main11.storyboard */ = {
			isa = PBXVariantGroup;
			children = (
				C4095EA1226BB46F007F98DC /* Base */,
			);
			name = Main11.storyboard;
			sourceTree = "<group>";
		};
		C4095EA8226BB471007F98DC /* LaunchScreen.storyboard */ = {
			isa = PBXVariantGroup;
			children = (
				C4095EA9226BB471007F98DC /* Base */,
			);
			name = LaunchScreen.storyboard;
			sourceTree = "<group>";
		};
/* End PBXVariantGroup section */

/* Begin XCBuildConfiguration section */
		C4095EC2226BB472007F98DC /* Debug */ = {
			isa = XCBuildConfiguration;
			buildSettings = {
				ALWAYS_SEARCH_USER_PATHS = NO;
				CLANG_ANALYZER_NONNULL = YES;
				CLANG_ANALYZER_NUMBER_OBJECT_CONVERSION = YES_AGGRESSIVE;
				CLANG_CXX_LANGUAGE_STANDARD = "gnu++14";
				CLANG_CXX_LIBRARY = "libc++";
				CLANG_ENABLE_MODULES = YES;
				CLANG_ENABLE_OBJC_ARC = YES;
				CLANG_ENABLE_OBJC_WEAK = YES;
				CLANG_WARN_BLOCK_CAPTURE_AUTORELEASING = YES;
				CLANG_WARN_BOOL_CONVERSION = YES;
				CLANG_WARN_COMMA = YES;
				CLANG_WARN_CONSTANT_CONVERSION = YES;
				CLANG_WARN_DEPRECATED_OBJC_IMPLEMENTATIONS = YES;
				CLANG_WARN_DIRECT_OBJC_ISA_USAGE = YES_ERROR;
				CLANG_WARN_DOCUMENTATION_COMMENTS = YES;
				CLANG_WARN_EMPTY_BODY = YES;
				CLANG_WARN_ENUM_CONVERSION = YES;
				CLANG_WARN_INFINITE_RECURSION = YES;
				CLANG_WARN_INT_CONVERSION = YES;
				CLANG_WARN_NON_LITERAL_NULL_CONVERSION = YES;
				CLANG_WARN_OBJC_IMPLICIT_RETAIN_SELF = YES;
				CLANG_WARN_OBJC_LITERAL_CONVERSION = YES;
				CLANG_WARN_OBJC_ROOT_CLASS = YES_ERROR;
				CLANG_WARN_RANGE_LOOP_ANALYSIS = YES;
				CLANG_WARN_STRICT_PROTOTYPES = YES;
				CLANG_WARN_SUSPICIOUS_MOVE = YES;
				CLANG_WARN_UNGUARDED_AVAILABILITY = YES_AGGRESSIVE;
				CLANG_WARN_UNREACHABLE_CODE = YES;
				CLANG_WARN__DUPLICATE_METHOD_MATCH = YES;
				CODE_SIGN_IDENTITY = "iPhone Developer";
				COPY_PHASE_STRIP = NO;
				DEBUG_INFORMATION_FORMAT = dwarf;
				ENABLE_STRICT_OBJC_MSGSEND = YES;
				ENABLE_TESTABILITY = YES;
				GCC_C_LANGUAGE_STANDARD = gnu11;
				GCC_DYNAMIC_NO_PIC = NO;
				GCC_NO_COMMON_BLOCKS = YES;
				GCC_OPTIMIZATION_LEVEL = 0;
				GCC_PREPROCESSOR_DEFINITIONS = (
					"DEBUG=1",
					"$(inherited)",
				);
				GCC_WARN_64_TO_32_BIT_CONVERSION = YES;
				GCC_WARN_ABOUT_RETURN_TYPE = YES_ERROR;
				GCC_WARN_UNDECLARED_SELECTOR = YES;
				GCC_WARN_UNINITIALIZED_AUTOS = YES_AGGRESSIVE;
				GCC_WARN_UNUSED_FUNCTION = YES;
				GCC_WARN_UNUSED_VARIABLE = YES;
				IPHONEOS_DEPLOYMENT_TARGET = 12.1;
				MTL_ENABLE_DEBUG_INFO = INCLUDE_SOURCE;
				MTL_FAST_MATH = YES;
				ONLY_ACTIVE_ARCH = YES;
				SDKROOT = iphoneos;
				SWIFT_ACTIVE_COMPILATION_CONDITIONS = DEBUG;
				SWIFT_OPTIMIZATION_LEVEL = "-Onone";
			};
			name = Debug;
		};
		C4095EC3226BB472007F98DC /* Release */ = {
			isa = XCBuildConfiguration;
			buildSettings = {
				ALWAYS_SEARCH_USER_PATHS = NO;
				CLANG_ANALYZER_NONNULL = YES;
				CLANG_ANALYZER_NUMBER_OBJECT_CONVERSION = YES_AGGRESSIVE;
				CLANG_CXX_LANGUAGE_STANDARD = "gnu++14";
				CLANG_CXX_LIBRARY = "libc++";
				CLANG_ENABLE_MODULES = YES;
				CLANG_ENABLE_OBJC_ARC = YES;
				CLANG_ENABLE_OBJC_WEAK = YES;
				CLANG_WARN_BLOCK_CAPTURE_AUTORELEASING = YES;
				CLANG_WARN_BOOL_CONVERSION = YES;
				CLANG_WARN_COMMA = YES;
				CLANG_WARN_CONSTANT_CONVERSION = YES;
				CLANG_WARN_DEPRECATED_OBJC_IMPLEMENTATIONS = YES;
				CLANG_WARN_DIRECT_OBJC_ISA_USAGE = YES_ERROR;
				CLANG_WARN_DOCUMENTATION_COMMENTS = YES;
				CLANG_WARN_EMPTY_BODY = YES;
				CLANG_WARN_ENUM_CONVERSION = YES;
				CLANG_WARN_INFINITE_RECURSION = YES;
				CLANG_WARN_INT_CONVERSION = YES;
				CLANG_WARN_NON_LITERAL_NULL_CONVERSION = YES;
				CLANG_WARN_OBJC_IMPLICIT_RETAIN_SELF = YES;
				CLANG_WARN_OBJC_LITERAL_CONVERSION = YES;
				CLANG_WARN_OBJC_ROOT_CLASS = YES_ERROR;
				CLANG_WARN_RANGE_LOOP_ANALYSIS = YES;
				CLANG_WARN_STRICT_PROTOTYPES = YES;
				CLANG_WARN_SUSPICIOUS_MOVE = YES;
				CLANG_WARN_UNGUARDED_AVAILABILITY = YES_AGGRESSIVE;
				CLANG_WARN_UNREACHABLE_CODE = YES;
				CLANG_WARN__DUPLICATE_METHOD_MATCH = YES;
				CODE_SIGN_IDENTITY = "iPhone Developer";
				COPY_PHASE_STRIP = NO;
				DEBUG_INFORMATION_FORMAT = "dwarf-with-dsym";
				ENABLE_NS_ASSERTIONS = NO;
				ENABLE_STRICT_OBJC_MSGSEND = YES;
				GCC_C_LANGUAGE_STANDARD = gnu11;
				GCC_NO_COMMON_BLOCKS = YES;
				GCC_WARN_64_TO_32_BIT_CONVERSION = YES;
				GCC_WARN_ABOUT_RETURN_TYPE = YES_ERROR;
				GCC_WARN_UNDECLARED_SELECTOR = YES;
				GCC_WARN_UNINITIALIZED_AUTOS = YES_AGGRESSIVE;
				GCC_WARN_UNUSED_FUNCTION = YES;
				GCC_WARN_UNUSED_VARIABLE = YES;
				IPHONEOS_DEPLOYMENT_TARGET = 12.1;
				MTL_ENABLE_DEBUG_INFO = NO;
				MTL_FAST_MATH = YES;
				SDKROOT = iphoneos;
				SWIFT_COMPILATION_MODE = wholemodule;
				SWIFT_OPTIMIZATION_LEVEL = "-O";
				VALIDATE_PRODUCT = YES;
			};
			name = Release;
		};
		C4095EC5226BB472007F98DC /* Debug */ = {
			isa = XCBuildConfiguration;
			buildSettings = {
				ASSETCATALOG_COMPILER_APPICON_NAME = AppIcon;
				CODE_SIGN_IDENTITY = "iPhone Developer";
				CODE_SIGN_STYLE = Automatic;
				DEVELOPMENT_TEAM = EJMDTMNZ94;
				INFOPLIST_FILE = QUEST/Info.plist;
				IPHONEOS_DEPLOYMENT_TARGET = 11.4;
				LD_RUNPATH_SEARCH_PATHS = (
					"$(inherited)",
					"@executable_path/Frameworks",
				);
				PRODUCT_BUNDLE_IDENTIFIER = QUEST123456788765;
				PRODUCT_NAME = "$(TARGET_NAME)";
				PROVISIONING_PROFILE_SPECIFIER = "";
				SWIFT_VERSION = 4.2;
				TARGETED_DEVICE_FAMILY = 1;
			};
			name = Debug;
		};
		C4095EC6226BB472007F98DC /* Release */ = {
			isa = XCBuildConfiguration;
			buildSettings = {
				ASSETCATALOG_COMPILER_APPICON_NAME = AppIcon;
				CODE_SIGN_IDENTITY = "iPhone Developer";
				CODE_SIGN_STYLE = Automatic;
				DEVELOPMENT_TEAM = EJMDTMNZ94;
				INFOPLIST_FILE = QUEST/Info.plist;
				IPHONEOS_DEPLOYMENT_TARGET = 11.4;
				LD_RUNPATH_SEARCH_PATHS = (
					"$(inherited)",
					"@executable_path/Frameworks",
				);
				PRODUCT_BUNDLE_IDENTIFIER = QUEST123456788765;
				PRODUCT_NAME = "$(TARGET_NAME)";
				PROVISIONING_PROFILE_SPECIFIER = "";
				SWIFT_VERSION = 4.2;
				TARGETED_DEVICE_FAMILY = 1;
			};
			name = Release;
		};
		C4095EC8226BB472007F98DC /* Debug */ = {
			isa = XCBuildConfiguration;
			buildSettings = {
				ALWAYS_EMBED_SWIFT_STANDARD_LIBRARIES = YES;
				BUNDLE_LOADER = "$(TEST_HOST)";
				CODE_SIGN_STYLE = Automatic;
				INFOPLIST_FILE = QUESTTests/Info.plist;
				LD_RUNPATH_SEARCH_PATHS = (
					"$(inherited)",
					"@executable_path/Frameworks",
					"@loader_path/Frameworks",
				);
				PRODUCT_BUNDLE_IDENTIFIER = mail.QUESTTests;
				PRODUCT_NAME = "$(TARGET_NAME)";
				SWIFT_VERSION = 4.2;
				TARGETED_DEVICE_FAMILY = "1,2";
				TEST_HOST = "$(BUILT_PRODUCTS_DIR)/QUEST.app/QUEST";
			};
			name = Debug;
		};
		C4095EC9226BB472007F98DC /* Release */ = {
			isa = XCBuildConfiguration;
			buildSettings = {
				ALWAYS_EMBED_SWIFT_STANDARD_LIBRARIES = YES;
				BUNDLE_LOADER = "$(TEST_HOST)";
				CODE_SIGN_STYLE = Automatic;
				INFOPLIST_FILE = QUESTTests/Info.plist;
				LD_RUNPATH_SEARCH_PATHS = (
					"$(inherited)",
					"@executable_path/Frameworks",
					"@loader_path/Frameworks",
				);
				PRODUCT_BUNDLE_IDENTIFIER = mail.QUESTTests;
				PRODUCT_NAME = "$(TARGET_NAME)";
				SWIFT_VERSION = 4.2;
				TARGETED_DEVICE_FAMILY = "1,2";
				TEST_HOST = "$(BUILT_PRODUCTS_DIR)/QUEST.app/QUEST";
			};
			name = Release;
		};
		C4095ECB226BB472007F98DC /* Debug */ = {
			isa = XCBuildConfiguration;
			buildSettings = {
				ALWAYS_EMBED_SWIFT_STANDARD_LIBRARIES = YES;
				CODE_SIGN_STYLE = Automatic;
				INFOPLIST_FILE = QUESTUITests/Info.plist;
				LD_RUNPATH_SEARCH_PATHS = (
					"$(inherited)",
					"@executable_path/Frameworks",
					"@loader_path/Frameworks",
				);
				PRODUCT_BUNDLE_IDENTIFIER = mail.QUESTUITests;
				PRODUCT_NAME = "$(TARGET_NAME)";
				SWIFT_VERSION = 4.2;
				TARGETED_DEVICE_FAMILY = "1,2";
				TEST_TARGET_NAME = QUEST;
			};
			name = Debug;
		};
		C4095ECC226BB472007F98DC /* Release */ = {
			isa = XCBuildConfiguration;
			buildSettings = {
				ALWAYS_EMBED_SWIFT_STANDARD_LIBRARIES = YES;
				CODE_SIGN_STYLE = Automatic;
				INFOPLIST_FILE = QUESTUITests/Info.plist;
				LD_RUNPATH_SEARCH_PATHS = (
					"$(inherited)",
					"@executable_path/Frameworks",
					"@loader_path/Frameworks",
				);
				PRODUCT_BUNDLE_IDENTIFIER = mail.QUESTUITests;
				PRODUCT_NAME = "$(TARGET_NAME)";
				SWIFT_VERSION = 4.2;
				TARGETED_DEVICE_FAMILY = "1,2";
				TEST_TARGET_NAME = QUEST;
			};
			name = Release;
		};
/* End XCBuildConfiguration section */

/* Begin XCConfigurationList section */
		C4095E94226BB46F007F98DC /* Build configuration list for PBXProject "QUEST" */ = {
			isa = XCConfigurationList;
			buildConfigurations = (
				C4095EC2226BB472007F98DC /* Debug */,
				C4095EC3226BB472007F98DC /* Release */,
			);
			defaultConfigurationIsVisible = 0;
			defaultConfigurationName = Release;
		};
		C4095EC4226BB472007F98DC /* Build configuration list for PBXNativeTarget "QUEST" */ = {
			isa = XCConfigurationList;
			buildConfigurations = (
				C4095EC5226BB472007F98DC /* Debug */,
				C4095EC6226BB472007F98DC /* Release */,
			);
			defaultConfigurationIsVisible = 0;
			defaultConfigurationName = Release;
		};
		C4095EC7226BB472007F98DC /* Build configuration list for PBXNativeTarget "QUESTTests" */ = {
			isa = XCConfigurationList;
			buildConfigurations = (
				C4095EC8226BB472007F98DC /* Debug */,
				C4095EC9226BB472007F98DC /* Release */,
			);
			defaultConfigurationIsVisible = 0;
			defaultConfigurationName = Release;
		};
		C4095ECA226BB472007F98DC /* Build configuration list for PBXNativeTarget "QUESTUITests" */ = {
			isa = XCConfigurationList;
			buildConfigurations = (
				C4095ECB226BB472007F98DC /* Debug */,
				C4095ECC226BB472007F98DC /* Release */,
			);
			defaultConfigurationIsVisible = 0;
			defaultConfigurationName = Release;
		};
/* End XCConfigurationList section */
	};
	rootObject = C4095E91226BB46F007F98DC /* Project object */;
}
